
Microsoft Visual Studio Solution File, Format Version 12.00
# Visual Studio Version 17
VisualStudioVersion = 17.9.34728.123
MinimumVisualStudioVersion = 10.0.40219.1
Project("{FAE04EC0-301F-11D3-BF4B-00C04F79EFBC}") = "QLShipper", "QLShipper\QLShipper.csproj", "{A7D44CE8-8B14-479B-A33B-0A6A6B1871AB}"
EndProject
Global
	GlobalSection(SolutionConfigurationPlatforms) = preSolution
		Debug|Any CPU = Debug|Any CPU
		Release|Any CPU = Release|Any CPU
	EndGlobalSection
	GlobalSection(ProjectConfigurationPlatforms) = postSolution
		{A7D44CE8-8B14-479B-A33B-0A6A6B1871AB}.Debug|Any CPU.ActiveCfg = Debug|Any CPU
		{A7D44CE8-8B14-479B-A33B-0A6A6B1871AB}.Debug|Any CPU.Build.0 = Debug|Any CPU
		{A7D44CE8-8B14-479B-A33B-0A6A6B1871AB}.Release|Any CPU.ActiveCfg = Release|Any CPU
		{A7D44CE8-8B14-479B-A33B-0A6A6B1871AB}.Release|Any CPU.Build.0 = Release|Any CPU
	EndGlobalSection
	GlobalSection(SolutionProperties) = preSolution
		HideSolutionNode = FALSE
	EndGlobalSection
	GlobalSection(ExtensibilityGlobals) = postSolution
		SolutionGuid = {283666C2-2FBF-4911-A861-B0AD1D8017B0}
	EndGlobalSection
EndGlobal
